PATH
  remote: .
  specs:
    arkana (1.4.0)
      dotenv (~> 2.7)
      rainbow (~> 3.1.1)
      yaml (~> 0.2)

GEM
  remote: https://rubygems.org/
  specs:
    ast (2.4.2)
    diff-lcs (1.5.0)
    docile (1.4.0)
    dotenv (2.8.1)
    json (2.6.2)
    parallel (1.22.1)
    parser (3.1.2.0)
      ast (~> 2.4.1)
    pastel (0.8.0)
      tty-color (~> 0.5)
    rainbow (3.1.1)
    rake (13.0.6)
    regexp_parser (2.5.0)
    rexml (3.2.5)
    rspec (3.11.0)
      rspec-core (~> 3.11.0)
      rspec-expectations (~> 3.11.0)
      rspec-mocks (~> 3.11.0)
    rspec-core (3.11.0)
      rspec-support (~> 3.11.0)
    rspec-expectations (3.11.0)
      diff-lcs (>= 1.2.0, < 2.0)
      rspec-support (~> 3.11.0)
    rspec-mocks (3.11.1)
      diff-lcs (>= 1.2.0, < 2.0)
      rspec-support (~> 3.11.0)
    rspec-support (3.11.0)
    rubocop (1.31.1)
      json (~> 2.3)
      parallel (~> 1.10)
      parser (>= 3.1.0.0)
      rainbow (>= 2.2.2, < 4.0)
      regexp_parser (>= 1.8, < 3.0)
      rexml (>= 3.2.5, < 4.0)
      rubocop-ast (>= 1.18.0, < 2.0)
      ruby-progressbar (~> 1.7)
      unicode-display_width (>= 1.4.0, < 3.0)
    rubocop-ast (1.18.0)
      parser (>= 3.1.1.0)
    rubocop-rake (0.6.0)
      rubocop (~> 1.0)
    rubocop-rspec (2.12.0)
      rubocop (~> 1.31)
    ruby-progressbar (1.11.0)
    simplecov (0.21.2)
      docile (~> 1.1)
      simplecov-html (~> 0.11)
      simplecov_json_formatter (~> 0.1)
    simplecov-html (0.12.3)
    simplecov_json_formatter (0.1.4)
    tty-color (0.6.0)
    tty-cursor (0.7.1)
    tty-prompt (0.23.1)
      pastel (~> 0.8)
      tty-reader (~> 0.8)
    tty-reader (0.9.0)
      tty-cursor (~> 0.7)
      tty-screen (~> 0.8)
      wisper (~> 2.0)
    tty-screen (0.8.1)
    unicode-display_width (2.2.0)
    wisper (2.0.1)
    yaml (0.2.0)

PLATFORMS
  arm64-darwin-21
  ruby
  x86_64-darwin-19
  x86_64-linux

DEPENDENCIES
  arkana!
  rake
  rspec
  rubocop
  rubocop-rake
  rubocop-rspec
  simplecov
  tty-prompt

BUNDLED WITH
   2.2.32
